
Microsoft Visual Studio Solution File, Format Version 12.00
# Visual Studio Version 16
VisualStudioVersion = 16.0.29609.76
MinimumVisualStudioVersion = 10.0.40219.1
Project("{9A19103F-16F7-4668-BE54-9A1E7A4F7556}") = "UserService", "UserService\UserService.csproj", "{B775CE50-1C67-4DC4-8015-E48B871C64FC}"
EndProject
Project("{FAE04EC0-301F-11D3-BF4B-00C04F79EFBC}") = "APIGateway", "APIGateway\APIGateway.csproj", "{15FDAD07-545F-49EC-BA05-433EE6831E99}"
EndProject
Global
	GlobalSection(SolutionConfigurationPlatforms) = preSolution
		Debug|Any CPU = Debug|Any CPU
		Release|Any CPU = Release|Any CPU
	EndGlobalSection
	GlobalSection(ProjectConfigurationPlatforms) = postSolution
		{B775CE50-1C67-4DC4-8015-E48B871C64FC}.Debug|Any CPU.ActiveCfg = Debug|Any CPU
		{B775CE50-1C67-4DC4-8015-E48B871C64FC}.Debug|Any CPU.Build.0 = Debug|Any CPU
		{B775CE50-1C67-4DC4-8015-E48B871C64FC}.Release|Any CPU.ActiveCfg = Release|Any CPU
		{B775CE50-1C67-4DC4-8015-E48B871C64FC}.Release|Any CPU.Build.0 = Release|Any CPU
		{15FDAD07-545F-49EC-BA05-433EE6831E99}.Debug|Any CPU.ActiveCfg = Debug|Any CPU
		{15FDAD07-545F-49EC-BA05-433EE6831E99}.Debug|Any CPU.Build.0 = Debug|Any CPU
		{15FDAD07-545F-49EC-BA05-433EE6831E99}.Release|Any CPU.ActiveCfg = Release|Any CPU
		{15FDAD07-545F-49EC-BA05-433EE6831E99}.Release|Any CPU.Build.0 = Release|Any CPU
	EndGlobalSection
	GlobalSection(SolutionProperties) = preSolution
		HideSolutionNode = FALSE
	EndGlobalSection
	GlobalSection(ExtensibilityGlobals) = postSolution
		SolutionGuid = {13C5DBF6-AD24-4343-A827-1C766AB7CC32}
	EndGlobalSection
EndGlobal
